
Microsoft Visual Studio Solution File, Format Version 12.00
# Visual Studio Version 17
VisualStudioVersion = 17.12.35707.178
MinimumVisualStudioVersion = 10.0.40219.1
Project("{FAE04EC0-301F-11D3-BF4B-00C04F79EFBC}") = "Tyuiu.NoskovVITests.Sprint1.Task3.V10", "Tyuiu.NoskovVITests.Sprint1.Task3.V10\Tyuiu.NoskovVITests.Sprint1.Task3.V10.csproj", "{A55DB67D-6DCE-4F2D-91B8-F103EBFCEC9A}"
EndProject
Project("{FAE04EC0-301F-11D3-BF4B-00C04F79EFBC}") = "Tyuiu.NoskovVITests.Sprint1.Task3.V10.Lib", "Tyuiu.NoskovVITests.Sprint1.Task3.V10.Lib\Tyuiu.NoskovVITests.Sprint1.Task3.V10.Lib.csproj", "{3D3FFED0-40E2-4F5E-B6E1-2A56479B4AB5}"
EndProject
Project("{FAE04EC0-301F-11D3-BF4B-00C04F79EFBC}") = "Tyuiu.NoskovVITests.Sprint1.Task3.V10.Test", "Tyuiu.NoskovVITests.Sprint1.Task3.V10.Test\Tyuiu.NoskovVITests.Sprint1.Task3.V10.Test.csproj", "{D592D44A-A6D7-48B6-8F5C-93B725F7022D}"
EndProject
Project("{2150E333-8FDC-42A3-9474-1A3956D46DE8}") = "Task3", "Task3", "{02EA681E-C7D8-13C7-8484-4AC65E1B71E8}"
EndProject
Project("{2150E333-8FDC-42A3-9474-1A3956D46DE8}") = "Task4", "Task4", "{5DD739E1-F69C-4D46-A709-0BEBF21C01A3}"
EndProject
Project("{FAE04EC0-301F-11D3-BF4B-00C04F79EFBC}") = "Tyuiu.NoskovVITests.Sprint1.Task4.V10", "Tyuiu.NoskovVITests.Sprint1.Task4.V10\Tyuiu.NoskovVITests.Sprint1.Task4.V10.csproj", "{6DC923AB-36BC-4D81-8D95-9D404F8889EE}"
EndProject
Project("{FAE04EC0-301F-11D3-BF4B-00C04F79EFBC}") = "Tyuiu.NoskovVITests.Sprint1.Task4.V10.Lib", "Tyuiu.NoskovVITests.Sprint1.Task4.V10.Lib\Tyuiu.NoskovVITests.Sprint1.Task4.V10.Lib.csproj", "{D5890FA9-1D29-4B6E-A677-920411555C50}"
EndProject
Project("{FAE04EC0-301F-11D3-BF4B-00C04F79EFBC}") = "Tyuiu.NoskovVITests.Sprint1.Task4.V10.Test", "Tyuiu.NoskovVITests.Sprint1.Task4.V10.Test\Tyuiu.NoskovVITests.Sprint1.Task4.V10.Test.csproj", "{222EDDB1-8C90-469F-A999-76333AECFD58}"
EndProject
Global
	GlobalSection(SolutionConfigurationPlatforms) = preSolution
		Debug|Any CPU = Debug|Any CPU
		Release|Any CPU = Release|Any CPU
	EndGlobalSection
	GlobalSection(ProjectConfigurationPlatforms) = postSolution
		{A55DB67D-6DCE-4F2D-91B8-F103EBFCEC9A}.Debug|Any CPU.ActiveCfg = Debug|Any CPU
		{A55DB67D-6DCE-4F2D-91B8-F103EBFCEC9A}.Debug|Any CPU.Build.0 = Debug|Any CPU
		{A55DB67D-6DCE-4F2D-91B8-F103EBFCEC9A}.Release|Any CPU.ActiveCfg = Release|Any CPU
		{A55DB67D-6DCE-4F2D-91B8-F103EBFCEC9A}.Release|Any CPU.Build.0 = Release|Any CPU
		{3D3FFED0-40E2-4F5E-B6E1-2A56479B4AB5}.Debug|Any CPU.ActiveCfg = Debug|Any CPU
		{3D3FFED0-40E2-4F5E-B6E1-2A56479B4AB5}.Debug|Any CPU.Build.0 = Debug|Any CPU
		{3D3FFED0-40E2-4F5E-B6E1-2A56479B4AB5}.Release|Any CPU.ActiveCfg = Release|Any CPU
		{3D3FFED0-40E2-4F5E-B6E1-2A56479B4AB5}.Release|Any CPU.Build.0 = Release|Any CPU
		{D592D44A-A6D7-48B6-8F5C-93B725F7022D}.Debug|Any CPU.ActiveCfg = Debug|Any CPU
		{D592D44A-A6D7-48B6-8F5C-93B725F7022D}.Debug|Any CPU.Build.0 = Debug|Any CPU
		{D592D44A-A6D7-48B6-8F5C-93B725F7022D}.Release|Any CPU.ActiveCfg = Release|Any CPU
		{D592D44A-A6D7-48B6-8F5C-93B725F7022D}.Release|Any CPU.Build.0 = Release|Any CPU
		{6DC923AB-36BC-4D81-8D95-9D404F8889EE}.Debug|Any CPU.ActiveCfg = Debug|Any CPU
		{6DC923AB-36BC-4D81-8D95-9D404F8889EE}.Debug|Any CPU.Build.0 = Debug|Any CPU
		{6DC923AB-36BC-4D81-8D95-9D404F8889EE}.Release|Any CPU.ActiveCfg = Release|Any CPU
		{6DC923AB-36BC-4D81-8D95-9D404F8889EE}.Release|Any CPU.Build.0 = Release|Any CPU
		{D5890FA9-1D29-4B6E-A677-920411555C50}.Debug|Any CPU.ActiveCfg = Debug|Any CPU
		{D5890FA9-1D29-4B6E-A677-920411555C50}.Debug|Any CPU.Build.0 = Debug|Any CPU
		{D5890FA9-1D29-4B6E-A677-920411555C50}.Release|Any CPU.ActiveCfg = Release|Any CPU
		{D5890FA9-1D29-4B6E-A677-920411555C50}.Release|Any CPU.Build.0 = Release|Any CPU
		{222EDDB1-8C90-469F-A999-76333AECFD58}.Debug|Any CPU.ActiveCfg = Debug|Any CPU
		{222EDDB1-8C90-469F-A999-76333AECFD58}.Debug|Any CPU.Build.0 = Debug|Any CPU
		{222EDDB1-8C90-469F-A999-76333AECFD58}.Release|Any CPU.ActiveCfg = Release|Any CPU
		{222EDDB1-8C90-469F-A999-76333AECFD58}.Release|Any CPU.Build.0 = Release|Any CPU
	EndGlobalSection
	GlobalSection(SolutionProperties) = preSolution
		HideSolutionNode = FALSE
	EndGlobalSection
	GlobalSection(NestedProjects) = preSolution
		{A55DB67D-6DCE-4F2D-91B8-F103EBFCEC9A} = {02EA681E-C7D8-13C7-8484-4AC65E1B71E8}
		{3D3FFED0-40E2-4F5E-B6E1-2A56479B4AB5} = {02EA681E-C7D8-13C7-8484-4AC65E1B71E8}
		{D592D44A-A6D7-48B6-8F5C-93B725F7022D} = {02EA681E-C7D8-13C7-8484-4AC65E1B71E8}
		{6DC923AB-36BC-4D81-8D95-9D404F8889EE} = {5DD739E1-F69C-4D46-A709-0BEBF21C01A3}
		{D5890FA9-1D29-4B6E-A677-920411555C50} = {5DD739E1-F69C-4D46-A709-0BEBF21C01A3}
		{222EDDB1-8C90-469F-A999-76333AECFD58} = {5DD739E1-F69C-4D46-A709-0BEBF21C01A3}
	EndGlobalSection
EndGlobal
